PODS:
  - QTSkin (0.1.0):
    - SDWebImage
  - SDWebImage (3.8.2):
    - SDWebImage/Core (= 3.8.2)
  - SDWebImage/Core (3.8.2)

DEPENDENCIES:
  - QTSkin (from `../`)

EXTERNAL SOURCES:
  QTSkin:
    :path: ../

SPEC CHECKSUMS:
  QTSkin: 54c457b25675fe644a2dae22dcb7877a61f69979
  SDWebImage: 098e97e6176540799c27e804c96653ee0833d13c

PODFILE CHECKSUM: 1ab90bd44610a19b15e827e022f80808f59fa253

COCOAPODS: 1.0.0
